
Microsoft Visual Studio Solution File, Format Version 12.00
# Visual Studio Version 16
VisualStudioVersion = 16.0.29230.47
MinimumVisualStudioVersion = 10.0.40219.1
Project("{9A19103F-16F7-4668-BE54-9A1E7A4F7556}") = "HappyNews", "HappyNews.csproj", "{C81802C3-6A62-4918-B61B-4C50F5748835}"
	ProjectSection(ProjectDependencies) = postProject
		{F8D41455-C820-4AD1-A30B-FA2B4D0057F3} = {F8D41455-C820-4AD1-A30B-FA2B4D0057F3}
		{B5306C9D-6BFC-47D7-BBE8-EBD805B0DCB7} = {B5306C9D-6BFC-47D7-BBE8-EBD805B0DCB7}
	EndProjectSection
EndProject
Project("{9A19103F-16F7-4668-BE54-9A1E7A4F7556}") = "Data", "..\Core\Data.csproj", "{B5306C9D-6BFC-47D7-BBE8-EBD805B0DCB7}"
EndProject
Project("{9A19103F-16F7-4668-BE54-9A1E7A4F7556}") = "Services", "..\Services\Services.csproj", "{F8D41455-C820-4AD1-A30B-FA2B4D0057F3}"
	ProjectSection(ProjectDependencies) = postProject
		{B5306C9D-6BFC-47D7-BBE8-EBD805B0DCB7} = {B5306C9D-6BFC-47D7-BBE8-EBD805B0DCB7}
	EndProjectSection
EndProject
Project("{9A19103F-16F7-4668-BE54-9A1E7A4F7556}") = "NewsApi", "..\NewsApi\NewsApi.csproj", "{C8D44713-9916-4763-B351-6221A0A5BA4F}"
	ProjectSection(ProjectDependencies) = postProject
		{CEE59A00-4D87-4DCD-825D-7005F5A9CE11} = {CEE59A00-4D87-4DCD-825D-7005F5A9CE11}
		{F8D41455-C820-4AD1-A30B-FA2B4D0057F3} = {F8D41455-C820-4AD1-A30B-FA2B4D0057F3}
		{B5306C9D-6BFC-47D7-BBE8-EBD805B0DCB7} = {B5306C9D-6BFC-47D7-BBE8-EBD805B0DCB7}
		{2F04ABBD-0E1A-4354-AC31-F2B6C8C43B75} = {2F04ABBD-0E1A-4354-AC31-F2B6C8C43B75}
	EndProjectSection
EndProject
Project("{9A19103F-16F7-4668-BE54-9A1E7A4F7556}") = "AddNewservices", "..\AddNewservices\AddNewservices.csproj", "{CEE59A00-4D87-4DCD-825D-7005F5A9CE11}"
	ProjectSection(ProjectDependencies) = postProject
		{F8D41455-C820-4AD1-A30B-FA2B4D0057F3} = {F8D41455-C820-4AD1-A30B-FA2B4D0057F3}
		{B5306C9D-6BFC-47D7-BBE8-EBD805B0DCB7} = {B5306C9D-6BFC-47D7-BBE8-EBD805B0DCB7}
	EndProjectSection
EndProject
Project("{9A19103F-16F7-4668-BE54-9A1E7A4F7556}") = "NewsCreated", "..\NewsCreated\NewsCreated.csproj", "{2F04ABBD-0E1A-4354-AC31-F2B6C8C43B75}"
	ProjectSection(ProjectDependencies) = postProject
		{B5306C9D-6BFC-47D7-BBE8-EBD805B0DCB7} = {B5306C9D-6BFC-47D7-BBE8-EBD805B0DCB7}
	EndProjectSection
EndProject
Global
	GlobalSection(SolutionConfigurationPlatforms) = preSolution
		Debug|Any CPU = Debug|Any CPU
		Release|Any CPU = Release|Any CPU
	EndGlobalSection
	GlobalSection(ProjectConfigurationPlatforms) = postSolution
		{C81802C3-6A62-4918-B61B-4C50F5748835}.Debug|Any CPU.ActiveCfg = Debug|Any CPU
		{C81802C3-6A62-4918-B61B-4C50F5748835}.Debug|Any CPU.Build.0 = Debug|Any CPU
		{C81802C3-6A62-4918-B61B-4C50F5748835}.Release|Any CPU.ActiveCfg = Release|Any CPU
		{C81802C3-6A62-4918-B61B-4C50F5748835}.Release|Any CPU.Build.0 = Release|Any CPU
		{B5306C9D-6BFC-47D7-BBE8-EBD805B0DCB7}.Debug|Any CPU.ActiveCfg = Debug|Any CPU
		{B5306C9D-6BFC-47D7-BBE8-EBD805B0DCB7}.Debug|Any CPU.Build.0 = Debug|Any CPU
		{B5306C9D-6BFC-47D7-BBE8-EBD805B0DCB7}.Release|Any CPU.ActiveCfg = Release|Any CPU
		{B5306C9D-6BFC-47D7-BBE8-EBD805B0DCB7}.Release|Any CPU.Build.0 = Release|Any CPU
		{F8D41455-C820-4AD1-A30B-FA2B4D0057F3}.Debug|Any CPU.ActiveCfg = Debug|Any CPU
		{F8D41455-C820-4AD1-A30B-FA2B4D0057F3}.Debug|Any CPU.Build.0 = Debug|Any CPU
		{F8D41455-C820-4AD1-A30B-FA2B4D0057F3}.Release|Any CPU.ActiveCfg = Release|Any CPU
		{F8D41455-C820-4AD1-A30B-FA2B4D0057F3}.Release|Any CPU.Build.0 = Release|Any CPU
		{C8D44713-9916-4763-B351-6221A0A5BA4F}.Debug|Any CPU.ActiveCfg = Debug|Any CPU
		{C8D44713-9916-4763-B351-6221A0A5BA4F}.Debug|Any CPU.Build.0 = Debug|Any CPU
		{C8D44713-9916-4763-B351-6221A0A5BA4F}.Release|Any CPU.ActiveCfg = Release|Any CPU
		{C8D44713-9916-4763-B351-6221A0A5BA4F}.Release|Any CPU.Build.0 = Release|Any CPU
		{CEE59A00-4D87-4DCD-825D-7005F5A9CE11}.Debug|Any CPU.ActiveCfg = Debug|Any CPU
		{CEE59A00-4D87-4DCD-825D-7005F5A9CE11}.Debug|Any CPU.Build.0 = Debug|Any CPU
		{CEE59A00-4D87-4DCD-825D-7005F5A9CE11}.Release|Any CPU.ActiveCfg = Release|Any CPU
		{CEE59A00-4D87-4DCD-825D-7005F5A9CE11}.Release|Any CPU.Build.0 = Release|Any CPU
		{2F04ABBD-0E1A-4354-AC31-F2B6C8C43B75}.Debug|Any CPU.ActiveCfg = Debug|Any CPU
		{2F04ABBD-0E1A-4354-AC31-F2B6C8C43B75}.Debug|Any CPU.Build.0 = Debug|Any CPU
		{2F04ABBD-0E1A-4354-AC31-F2B6C8C43B75}.Release|Any CPU.ActiveCfg = Release|Any CPU
		{2F04ABBD-0E1A-4354-AC31-F2B6C8C43B75}.Release|Any CPU.Build.0 = Release|Any CPU
	EndGlobalSection
	GlobalSection(SolutionProperties) = preSolution
		HideSolutionNode = FALSE
	EndGlobalSection
	GlobalSection(ExtensibilityGlobals) = postSolution
		SolutionGuid = {B4978C6D-9A87-4234-94F1-6FA69762D89C}
	EndGlobalSection
EndGlobal
